{
  "name": "lexipack",
  "version": "1.0.0",
  "lockfileVersion": 3,
  "requires": true,
  "packages": {
    "": {
      "name": "lexipack",
      "version": "1.0.0",
      "license": "ISC",
      "devDependencies": {
        "@vitejs/plugin-react": "...",
        "vite": "..."
      }
    },
    "...": {
      "dev": true
    },
    "node_modules/@vitejs/plugin-react": {
      "resolved": "...",
      "link": true
    },
    "node_modules/vite": {
      "resolved": "...",
      "link": true
    }
  }
}
